// !$*UTF8*$!
{
	archiveVersion = 1;
	classes = {
	};
	objectVersion = 56;
	objects = {

/* Begin PBXBuildFile section */
		A908BD5129841AC2002E824E /* LoadingCell.xib in Resources */ = {isa = PBXBuildFile; fileRef = A908BD5029841AC2002E824E /* LoadingCell.xib */; };
		A908BD532985620F002E824E /* UIImageView+DownloadImage.swift in Sources */ = {isa = PBXBuildFile; fileRef = A908BD522985620F002E824E /* UIImageView+DownloadImage.swift */; };
		A9588795298677C90075EF83 /* GradientView.swift in Sources */ = {isa = PBXBuildFile; fileRef = A9588794298677C90075EF83 /* GradientView.swift */; };
		A958879729867E130075EF83 /* BounceAnimationController.swift in Sources */ = {isa = PBXBuildFile; fileRef = A958879629867E130075EF83 /* BounceAnimationController.swift */; };
		A95887992986848F0075EF83 /* SlideOutAnimationController.swift in Sources */ = {isa = PBXBuildFile; fileRef = A95887982986848F0075EF83 /* SlideOutAnimationController.swift */; };
		A958879B2986B1F10075EF83 /* LandscapeViewController.swift in Sources */ = {isa = PBXBuildFile; fileRef = A958879A2986B1F10075EF83 /* LandscapeViewController.swift */; };
		A958879D2986C20D0075EF83 /* FadeOutAnimationController.swift in Sources */ = {isa = PBXBuildFile; fileRef = A958879C2986C20D0075EF83 /* FadeOutAnimationController.swift */; };
		A960E021298058B500F8962B /* AppDelegate.swift in Sources */ = {isa = PBXBuildFile; fileRef = A960E020298058B500F8962B /* AppDelegate.swift */; };
		A960E023298058B500F8962B /* SceneDelegate.swift in Sources */ = {isa = PBXBuildFile; fileRef = A960E022298058B500F8962B /* SceneDelegate.swift */; };
		A960E025298058B500F8962B /* SearchViewController.swift in Sources */ = {isa = PBXBuildFile; fileRef = A960E024298058B500F8962B /* SearchViewController.swift */; };
		A960E028298058B500F8962B /* Main.storyboard in Resources */ = {isa = PBXBuildFile; fileRef = A960E026298058B500F8962B /* Main.storyboard */; };
		A960E02A298058B600F8962B /* Assets.xcassets in Resources */ = {isa = PBXBuildFile; fileRef = A960E029298058B600F8962B /* Assets.xcassets */; };
		A96CAF852985706900484FC4 /* DetailViewController.swift in Sources */ = {isa = PBXBuildFile; fileRef = A96CAF842985706900484FC4 /* DetailViewController.swift */; };
		A9AE567E298189A000C6C6F7 /* SearchResultCell.xib in Resources */ = {isa = PBXBuildFile; fileRef = A9AE567D298189A000C6C6F7 /* SearchResultCell.xib */; };
		A9AE5682298190E200C6C6F7 /* SearchResultCell.swift in Sources */ = {isa = PBXBuildFile; fileRef = A9AE5681298190E200C6C6F7 /* SearchResultCell.swift */; };
		A9AE56842981A83A00C6C6F7 /* NothingFoundCell.xib in Resources */ = {isa = PBXBuildFile; fileRef = A9AE56832981A83A00C6C6F7 /* NothingFoundCell.xib */; };
		A9CC09ED29817CD90011B5D6 /* SearchResult.swift in Sources */ = {isa = PBXBuildFile; fileRef = A9CC09EC29817CD90011B5D6 /* SearchResult.swift */; };
/* End PBXBuildFile section */

/* Begin PBXFileReference section */
		A908BD5029841AC2002E824E /* LoadingCell.xib */ = {isa = PBXFileReference; lastKnownFileType = file.xib; path = LoadingCell.xib; sourceTree = "<group>"; };
		A908BD522985620F002E824E /* UIImageView+DownloadImage.swift */ = {isa = PBXFileReference; lastKnownFileType = sourcecode.swift; path = "UIImageView+DownloadImage.swift"; sourceTree = "<group>"; };
		A9588794298677C90075EF83 /* GradientView.swift */ = {isa = PBXFileReference; lastKnownFileType = sourcecode.swift; path = GradientView.swift; sourceTree = "<group>"; };
		A958879629867E130075EF83 /* BounceAnimationController.swift */ = {isa = PBXFileReference; lastKnownFileType = sourcecode.swift; path = BounceAnimationController.swift; sourceTree = "<group>"; };
		A95887982986848F0075EF83 /* SlideOutAnimationController.swift */ = {isa = PBXFileReference; lastKnownFileType = sourcecode.swift; path = SlideOutAnimationController.swift; sourceTree = "<group>"; };
		A958879A2986B1F10075EF83 /* LandscapeViewController.swift */ = {isa = PBXFileReference; lastKnownFileType = sourcecode.swift; path = LandscapeViewController.swift; sourceTree = "<group>"; };
		A958879C2986C20D0075EF83 /* FadeOutAnimationController.swift */ = {isa = PBXFileReference; lastKnownFileType = sourcecode.swift; path = FadeOutAnimationController.swift; sourceTree = "<group>"; };
		A960E01D298058B500F8962B /* StoreSearch.app */ = {isa = PBXFileReference; explicitFileType = wrapper.application; includeInIndex = 0; path = StoreSearch.app; sourceTree = BUILT_PRODUCTS_DIR; };
		A960E020298058B500F8962B /* AppDelegate.swift */ = {isa = PBXFileReference; lastKnownFileType = sourcecode.swift; path = AppDelegate.swift; sourceTree = "<group>"; };
		A960E022298058B500F8962B /* SceneDelegate.swift */ = {isa = PBXFileReference; lastKnownFileType = sourcecode.swift; path = SceneDelegate.swift; sourceTree = "<group>"; };
		A960E024298058B500F8962B /* SearchViewController.swift */ = {isa = PBXFileReference; lastKnownFileType = sourcecode.swift; path = SearchViewController.swift; sourceTree = "<group>"; };
		A960E027298058B500F8962B /* Base */ = {isa = PBXFileReference; lastKnownFileType = file.storyboard; name = Base; path = Base.lproj/Main.storyboard; sourceTree = "<group>"; };
		A960E029298058B600F8962B /* Assets.xcassets */ = {isa = PBXFileReference; lastKnownFileType = folder.assetcatalog; path = Assets.xcassets; sourceTree = "<group>"; };
		A960E02E298058B600F8962B /* Info.plist */ = {isa = PBXFileReference; lastKnownFileType = text.plist.xml; path = Info.plist; sourceTree = "<group>"; };
		A96CAF842985706900484FC4 /* DetailViewController.swift */ = {isa = PBXFileReference; lastKnownFileType = sourcecode.swift; path = DetailViewController.swift; sourceTree = "<group>"; };
		A9AE567D298189A000C6C6F7 /* SearchResultCell.xib */ = {isa = PBXFileReference; lastKnownFileType = file.xib; path = SearchResultCell.xib; sourceTree = "<group>"; };
		A9AE5681298190E200C6C6F7 /* SearchResultCell.swift */ = {isa = PBXFileReference; lastKnownFileType = sourcecode.swift; path = SearchResultCell.swift; sourceTree = "<group>"; };
		A9AE56832981A83A00C6C6F7 /* NothingFoundCell.xib */ = {isa = PBXFileReference; lastKnownFileType = file.xib; path = NothingFoundCell.xib; sourceTree = "<group>"; };
		A9CC09EC29817CD90011B5D6 /* SearchResult.swift */ = {isa = PBXFileReference; lastKnownFileType = sourcecode.swift; path = SearchResult.swift; sourceTree = "<group>"; };
/* End PBXFileReference section */

/* Begin PBXFrameworksBuildPhase section */
		A960E01A298058B500F8962B /* Frameworks */ = {
			isa = PBXFrameworksBuildPhase;
			buildActionMask = 2147483647;
			files = (
			);
			runOnlyForDeploymentPostprocessing = 0;
		};
/* End PBXFrameworksBuildPhase section */

/* Begin PBXGroup section */
		A960E014298058B500F8962B = {
			isa = PBXGroup;
			children = (
				A960E01F298058B500F8962B /* StoreSearch */,
				A960E01E298058B500F8962B /* Products */,
			);
			sourceTree = "<group>";
		};
		A960E01E298058B500F8962B /* Products */ = {
			isa = PBXGroup;
			children = (
				A960E01D298058B500F8962B /* StoreSearch.app */,
			);
			name = Products;
			sourceTree = "<group>";
		};
		A960E01F298058B500F8962B /* StoreSearch */ = {
			isa = PBXGroup;
			children = (
				A960E02E298058B600F8962B /* Info.plist */,
				A960E020298058B500F8962B /* AppDelegate.swift */,
				A958879629867E130075EF83 /* BounceAnimationController.swift */,
				A96CAF842985706900484FC4 /* DetailViewController.swift */,
				A958879C2986C20D0075EF83 /* FadeOutAnimationController.swift */,
				A9588794298677C90075EF83 /* GradientView.swift */,
				A958879A2986B1F10075EF83 /* LandscapeViewController.swift */,
				A960E022298058B500F8962B /* SceneDelegate.swift */,
				A9CC09EC29817CD90011B5D6 /* SearchResult.swift */,
				A9AE5681298190E200C6C6F7 /* SearchResultCell.swift */,
				A960E024298058B500F8962B /* SearchViewController.swift */,
				A95887982986848F0075EF83 /* SlideOutAnimationController.swift */,
				A908BD522985620F002E824E /* UIImageView+DownloadImage.swift */,
				A960E029298058B600F8962B /* Assets.xcassets */,
				A908BD5029841AC2002E824E /* LoadingCell.xib */,
				A9AE56832981A83A00C6C6F7 /* NothingFoundCell.xib */,
				A9AE567D298189A000C6C6F7 /* SearchResultCell.xib */,
				A960E026298058B500F8962B /* Main.storyboard */,
			);
			path = StoreSearch;
			sourceTree = "<group>";
		};
/* End PBXGroup section */

/* Begin PBXNativeTarget section */
		A960E01C298058B500F8962B /* StoreSearch */ = {
			isa = PBXNativeTarget;
			buildConfigurationList = A960E031298058B600F8962B /* Build configuration list for PBXNativeTarget "StoreSearch" */;
			buildPhases = (
				A960E019298058B500F8962B /* Sources */,
				A960E01A298058B500F8962B /* Frameworks */,
				A960E01B298058B500F8962B /* Resources */,
			);
			buildRules = (
			);
			dependencies = (
			);
			name = StoreSearch;
			productName = StoreSearch;
			productReference = A960E01D298058B500F8962B /* StoreSearch.app */;
			productType = "com.apple.product-type.application";
		};
/* End PBXNativeTarget section */

/* Begin PBXProject section */
		A960E015298058B500F8962B /* Project object */ = {
			isa = PBXProject;
			attributes = {
				BuildIndependentTargetsInParallel = 1;
				LastSwiftUpdateCheck = 1420;
				LastUpgradeCheck = 1420;
				TargetAttributes = {
					A960E01C298058B500F8962B = {
						CreatedOnToolsVersion = 14.2;
					};
				};
			};
			buildConfigurationList = A960E018298058B500F8962B /* Build configuration list for PBXProject "StoreSearch" */;
			compatibilityVersion = "Xcode 14.0";
			developmentRegion = en;
			hasScannedForEncodings = 0;
			knownRegions = (
				en,
				Base,
			);
			mainGroup = A960E014298058B500F8962B;
			productRefGroup = A960E01E298058B500F8962B /* Products */;
			projectDirPath = "";
			projectRoot = "";
			targets = (
				A960E01C298058B500F8962B /* StoreSearch */,
			);
		};
/* End PBXProject section */

/* Begin PBXResourcesBuildPhase section */
		A960E01B298058B500F8962B /* Resources */ = {
			isa = PBXResourcesBuildPhase;
			buildActionMask = 2147483647;
			files = (
				A9AE56842981A83A00C6C6F7 /* NothingFoundCell.xib in Resources */,
				A908BD5129841AC2002E824E /* LoadingCell.xib in Resources */,
				A960E02A298058B600F8962B /* Assets.xcassets in Resources */,
				A9AE567E298189A000C6C6F7 /* SearchResultCell.xib in Resources */,
				A960E028298058B500F8962B /* Main.storyboard in Resources */,
			);
			runOnlyForDeploymentPostprocessing = 0;
		};
/* End PBXResourcesBuildPhase section */

/* Begin PBXSourcesBuildPhase section */
		A960E019298058B500F8962B /* Sources */ = {
			isa = PBXSourcesBuildPhase;
			buildActionMask = 2147483647;
			files = (
				A960E025298058B500F8962B /* SearchViewController.swift in Sources */,
				A960E021298058B500F8962B /* AppDelegate.swift in Sources */,
				A958879D2986C20D0075EF83 /* FadeOutAnimationController.swift in Sources */,
				A908BD532985620F002E824E /* UIImageView+DownloadImage.swift in Sources */,
				A9CC09ED29817CD90011B5D6 /* SearchResult.swift in Sources */,
				A958879729867E130075EF83 /* BounceAnimationController.swift in Sources */,
				A958879B2986B1F10075EF83 /* LandscapeViewController.swift in Sources */,
				A960E023298058B500F8962B /* SceneDelegate.swift in Sources */,
				A9AE5682298190E200C6C6F7 /* SearchResultCell.swift in Sources */,
				A9588795298677C90075EF83 /* GradientView.swift in Sources */,
				A96CAF852985706900484FC4 /* DetailViewController.swift in Sources */,
				A95887992986848F0075EF83 /* SlideOutAnimationController.swift in Sources */,
			);
			runOnlyForDeploymentPostprocessing = 0;
		};
/* End PBXSourcesBuildPhase section */

/* Begin PBXVariantGroup section */
		A960E026298058B500F8962B /* Main.storyboard */ = {
			isa = PBXVariantGroup;
			children = (
				A960E027298058B500F8962B /* Base */,
			);
			name = Main.storyboard;
			sourceTree = "<group>";
		};
/* End PBXVariantGroup section */

/* Begin XCBuildConfiguration section */
		A960E02F298058B600F8962B /* Debug */ = {
			isa = XCBuildConfiguration;
			buildSettings = {
				ALWAYS_SEARCH_USER_PATHS = NO;
				CLANG_ANALYZER_NONNULL = YES;
				CLANG_ANALYZER_NUMBER_OBJECT_CONVERSION = YES_AGGRESSIVE;
				CLANG_CXX_LANGUAGE_STANDARD = "gnu++20";
				CLANG_ENABLE_MODULES = YES;
				CLANG_ENABLE_OBJC_ARC = YES;
				CLANG_ENABLE_OBJC_WEAK = YES;
				CLANG_WARN_BLOCK_CAPTURE_AUTORELEASING = YES;
				CLANG_WARN_BOOL_CONVERSION = YES;
				CLANG_WARN_COMMA = YES;
				CLANG_WARN_CONSTANT_CONVERSION = YES;
				CLANG_WARN_DEPRECATED_OBJC_IMPLEMENTATIONS = YES;
				CLANG_WARN_DIRECT_OBJC_ISA_USAGE = YES_ERROR;
				CLANG_WARN_DOCUMENTATION_COMMENTS = YES;
				CLANG_WARN_EMPTY_BODY = YES;
				CLANG_WARN_ENUM_CONVERSION = YES;
				CLANG_WARN_INFINITE_RECURSION = YES;
				CLANG_WARN_INT_CONVERSION = YES;
				CLANG_WARN_NON_LITERAL_NULL_CONVERSION = YES;
				CLANG_WARN_OBJC_IMPLICIT_RETAIN_SELF = YES;
				CLANG_WARN_OBJC_LITERAL_CONVERSION = YES;
				CLANG_WARN_OBJC_ROOT_CLASS = YES_ERROR;
				CLANG_WARN_QUOTED_INCLUDE_IN_FRAMEWORK_HEADER = YES;
				CLANG_WARN_RANGE_LOOP_ANALYSIS = YES;
				CLANG_WARN_STRICT_PROTOTYPES = YES;
				CLANG_WARN_SUSPICIOUS_MOVE = YES;
				CLANG_WARN_UNGUARDED_AVAILABILITY = YES_AGGRESSIVE;
				CLANG_WARN_UNREACHABLE_CODE = YES;
				CLANG_WARN__DUPLICATE_METHOD_MATCH = YES;
				COPY_PHASE_STRIP = NO;
				DEBUG_INFORMATION_FORMAT = dwarf;
				ENABLE_STRICT_OBJC_MSGSEND = YES;
				ENABLE_TESTABILITY = YES;
				GCC_C_LANGUAGE_STANDARD = gnu11;
				GCC_DYNAMIC_NO_PIC = NO;
				GCC_NO_COMMON_BLOCKS = YES;
				GCC_OPTIMIZATION_LEVEL = 0;
				GCC_PREPROCESSOR_DEFINITIONS = (
					"DEBUG=1",
					"$(inherited)",
				);
				GCC_WARN_64_TO_32_BIT_CONVERSION = YES;
				GCC_WARN_ABOUT_RETURN_TYPE = YES_ERROR;
				GCC_WARN_UNDECLARED_SELECTOR = YES;
				GCC_WARN_UNINITIALIZED_AUTOS = YES_AGGRESSIVE;
				GCC_WARN_UNUSED_FUNCTION = YES;
				GCC_WARN_UNUSED_VARIABLE = YES;
				IPHONEOS_DEPLOYMENT_TARGET = 16.2;
				MTL_ENABLE_DEBUG_INFO = INCLUDE_SOURCE;
				MTL_FAST_MATH = YES;
				ONLY_ACTIVE_ARCH = YES;
				SDKROOT = iphoneos;
				SWIFT_ACTIVE_COMPILATION_CONDITIONS = DEBUG;
				SWIFT_OPTIMIZATION_LEVEL = "-Onone";
			};
			name = Debug;
		};
		A960E030298058B600F8962B /* Release */ = {
			isa = XCBuildConfiguration;
			buildSettings = {
				ALWAYS_SEARCH_USER_PATHS = NO;
				CLANG_ANALYZER_NONNULL = YES;
				CLANG_ANALYZER_NUMBER_OBJECT_CONVERSION = YES_AGGRESSIVE;
				CLANG_CXX_LANGUAGE_STANDARD = "gnu++20";
				CLANG_ENABLE_MODULES = YES;
				CLANG_ENABLE_OBJC_ARC = YES;
				CLANG_ENABLE_OBJC_WEAK = YES;
				CLANG_WARN_BLOCK_CAPTURE_AUTORELEASING = YES;
				CLANG_WARN_BOOL_CONVERSION = YES;
				CLANG_WARN_COMMA = YES;
				CLANG_WARN_CONSTANT_CONVERSION = YES;
				CLANG_WARN_DEPRECATED_OBJC_IMPLEMENTATIONS = YES;
				CLANG_WARN_DIRECT_OBJC_ISA_USAGE = YES_ERROR;
				CLANG_WARN_DOCUMENTATION_COMMENTS = YES;
				CLANG_WARN_EMPTY_BODY = YES;
				CLANG_WARN_ENUM_CONVERSION = YES;
				CLANG_WARN_INFINITE_RECURSION = YES;
				CLANG_WARN_INT_CONVERSION = YES;
				CLANG_WARN_NON_LITERAL_NULL_CONVERSION = YES;
				CLANG_WARN_OBJC_IMPLICIT_RETAIN_SELF = YES;
				CLANG_WARN_OBJC_LITERAL_CONVERSION = YES;
				CLANG_WARN_OBJC_ROOT_CLASS = YES_ERROR;
				CLANG_WARN_QUOTED_INCLUDE_IN_FRAMEWORK_HEADER = YES;
				CLANG_WARN_RANGE_LOOP_ANALYSIS = YES;
				CLANG_WARN_STRICT_PROTOTYPES = YES;
				CLANG_WARN_SUSPICIOUS_MOVE = YES;
				CLANG_WARN_UNGUARDED_AVAILABILITY = YES_AGGRESSIVE;
				CLANG_WARN_UNREACHABLE_CODE = YES;
				CLANG_WARN__DUPLICATE_METHOD_MATCH = YES;
				COPY_PHASE_STRIP = NO;
				DEBUG_INFORMATION_FORMAT = "dwarf-with-dsym";
				ENABLE_NS_ASSERTIONS = NO;
				ENABLE_STRICT_OBJC_MSGSEND = YES;
				GCC_C_LANGUAGE_STANDARD = gnu11;
				GCC_NO_COMMON_BLOCKS = YES;
				GCC_WARN_64_TO_32_BIT_CONVERSION = YES;
				GCC_WARN_ABOUT_RETURN_TYPE = YES_ERROR;
				GCC_WARN_UNDECLARED_SELECTOR = YES;
				GCC_WARN_UNINITIALIZED_AUTOS = YES_AGGRESSIVE;
				GCC_WARN_UNUSED_FUNCTION = YES;
				GCC_WARN_UNUSED_VARIABLE = YES;
				IPHONEOS_DEPLOYMENT_TARGET = 16.2;
				MTL_ENABLE_DEBUG_INFO = NO;
				MTL_FAST_MATH = YES;
				SDKROOT = iphoneos;
				SWIFT_COMPILATION_MODE = wholemodule;
				SWIFT_OPTIMIZATION_LEVEL = "-O";
				VALIDATE_PRODUCT = YES;
			};
			name = Release;
		};
		A960E032298058B600F8962B /* Debug */ = {
			isa = XCBuildConfiguration;
			buildSettings = {
				ASSETCATALOG_COMPILER_APPICON_NAME = AppIcon;
				ASSETCATALOG_COMPILER_GLOBAL_ACCENT_COLOR_NAME = AccentColor;
				CODE_SIGN_STYLE = Automatic;
				CURRENT_PROJECT_VERSION = 1;
				GENERATE_INFOPLIST_FILE = YES;
				INFOPLIST_FILE = StoreSearch/Info.plist;
				INFOPLIST_KEY_UIApplicationSupportsIndirectInputEvents = YES;
				INFOPLIST_KEY_UILaunchStoryboardName = Main.storyboard;
				INFOPLIST_KEY_UIMainStoryboardFile = Main;
				INFOPLIST_KEY_UISupportedInterfaceOrientations_iPad = "UIInterfaceOrientationPortrait UIInterfaceOrientationPortraitUpsideDown UIInterfaceOrientationLandscapeLeft UIInterfaceOrientationLandscapeRight";
				INFOPLIST_KEY_UISupportedInterfaceOrientations_iPhone = "UIInterfaceOrientationPortrait UIInterfaceOrientationLandscapeLeft UIInterfaceOrientationLandscapeRight";
				LD_RUNPATH_SEARCH_PATHS = (
					"$(inherited)",
					"@executable_path/Frameworks",
				);
				MARKETING_VERSION = 1.0;
				PRODUCT_BUNDLE_IDENTIFIER = com.shchetnikovich.StoreSearch;
				PRODUCT_NAME = "$(TARGET_NAME)";
				SWIFT_EMIT_LOC_STRINGS = YES;
				SWIFT_VERSION = 5.0;
				TARGETED_DEVICE_FAMILY = "1,2";
			};
			name = Debug;
		};
		A960E033298058B600F8962B /* Release */ = {
			isa = XCBuildConfiguration;
			buildSettings = {
				ASSETCATALOG_COMPILER_APPICON_NAME = AppIcon;
				ASSETCATALOG_COMPILER_GLOBAL_ACCENT_COLOR_NAME = AccentColor;
				CODE_SIGN_STYLE = Automatic;
				CURRENT_PROJECT_VERSION = 1;
				GENERATE_INFOPLIST_FILE = YES;
				INFOPLIST_FILE = StoreSearch/Info.plist;
				INFOPLIST_KEY_UIApplicationSupportsIndirectInputEvents = YES;
				INFOPLIST_KEY_UILaunchStoryboardName = Main.storyboard;
				INFOPLIST_KEY_UIMainStoryboardFile = Main;
				INFOPLIST_KEY_UISupportedInterfaceOrientations_iPad = "UIInterfaceOrientationPortrait UIInterfaceOrientationPortraitUpsideDown UIInterfaceOrientationLandscapeLeft UIInterfaceOrientationLandscapeRight";
				INFOPLIST_KEY_UISupportedInterfaceOrientations_iPhone = "UIInterfaceOrientationPortrait UIInterfaceOrientationLandscapeLeft UIInterfaceOrientationLandscapeRight";
				LD_RUNPATH_SEARCH_PATHS = (
					"$(inherited)",
					"@executable_path/Frameworks",
				);
				MARKETING_VERSION = 1.0;
				PRODUCT_BUNDLE_IDENTIFIER = com.shchetnikovich.StoreSearch;
				PRODUCT_NAME = "$(TARGET_NAME)";
				SWIFT_EMIT_LOC_STRINGS = YES;
				SWIFT_VERSION = 5.0;
				TARGETED_DEVICE_FAMILY = "1,2";
			};
			name = Release;
		};
/* End XCBuildConfiguration section */

/* Begin XCConfigurationList section */
		A960E018298058B500F8962B /* Build configuration list for PBXProject "StoreSearch" */ = {
			isa = XCConfigurationList;
			buildConfigurations = (
				A960E02F298058B600F8962B /* Debug */,
				A960E030298058B600F8962B /* Release */,
			);
			defaultConfigurationIsVisible = 0;
			defaultConfigurationName = Release;
		};
		A960E031298058B600F8962B /* Build configuration list for PBXNativeTarget "StoreSearch" */ = {
			isa = XCConfigurationList;
			buildConfigurations = (
				A960E032298058B600F8962B /* Debug */,
				A960E033298058B600F8962B /* Release */,
			);
			defaultConfigurationIsVisible = 0;
			defaultConfigurationName = Release;
		};
/* End XCConfigurationList section */
	};
	rootObject = A960E015298058B500F8962B /* Project object */;
}
